Microsoft Visual Studio Solution File, Format Version 12.00
# Visual Studio 2012
Project("{8BC9CEB8-8B4A-11D0-8D11-00A0C91BC942}") = "vis_milk2", "plugin.vcxproj", "{881FB534-7396-485A-ADC2-6FBEBED7A0F4}"
EndProject
Project("{8BC9CEB8-8B4A-11D0-8D11-00A0C91BC942}") = "MilkDropRunner", "..\..\MilkDropRunner\MilkDropRunner.vcxproj", "{B7F072AB-4487-485B-8118-4D2C76DF3E3F}"
	ProjectSection(ProjectDependencies) = postProject
		{881FB534-7396-485A-ADC2-6FBEBED7A0F4} = {881FB534-7396-485A-ADC2-6FBEBED7A0F4}
	EndProjectSection
EndProject
Global
	GlobalSection(SolutionConfigurationPlatforms) = preSolution
		Debug|Win32 = Debug|Win32
		Release|Win32 = Release|Win32
	EndGlobalSection
	GlobalSection(ProjectConfigurationPlatforms) = postSolution
		{881FB534-7396-485A-ADC2-6FBEBED7A0F4}.Debug|Win32.ActiveCfg = Debug|Win32
		{881FB534-7396-485A-ADC2-6FBEBED7A0F4}.Debug|Win32.Build.0 = Debug|Win32
		{881FB534-7396-485A-ADC2-6FBEBED7A0F4}.Release|Win32.ActiveCfg = Release|Win32
		{881FB534-7396-485A-ADC2-6FBEBED7A0F4}.Release|Win32.Build.0 = Release|Win32
		{B7F072AB-4487-485B-8118-4D2C76DF3E3F}.Debug|Win32.ActiveCfg = Debug|Win32
		{B7F072AB-4487-485B-8118-4D2C76DF3E3F}.Debug|Win32.Build.0 = Debug|Win32
		{B7F072AB-4487-485B-8118-4D2C76DF3E3F}.Release|Win32.ActiveCfg = Release|Win32
		{B7F072AB-4487-485B-8118-4D2C76DF3E3F}.Release|Win32.Build.0 = Release|Win32
	EndGlobalSection
	GlobalSection(SolutionProperties) = preSolution
		HideSolutionNode = FALSE
	EndGlobalSection
EndGlobal
